Microsoft Visual Studio Solution File, Format Version 12.00
# Visual Studio Version 17
VisualStudioVersion = 17.5.2.0
MinimumVisualStudioVersion = 10.0.40219.1
Project("{FAE04EC0-301F-11D3-BF4B-00C04F79EFBC}") = "MvcIdentity", "MvcIdentity.csproj", "{7001EC72-F9D7-F3C7-8241-8B996D6B78B4}"
EndProject
Global
	GlobalSection(SolutionConfigurationPlatforms) = preSolution
		Debug|Any CPU = Debug|Any CPU
		Release|Any CPU = Release|Any CPU
	EndGlobalSection
	GlobalSection(ProjectConfigurationPlatforms) = postSolution
		{7001EC72-F9D7-F3C7-8241-8B996D6B78B4}.Debug|Any CPU.ActiveCfg = Debug|Any CPU
		{7001EC72-F9D7-F3C7-8241-8B996D6B78B4}.Debug|Any CPU.Build.0 = Debug|Any CPU
		{7001EC72-F9D7-F3C7-8241-8B996D6B78B4}.Release|Any CPU.ActiveCfg = Release|Any CPU
		{7001EC72-F9D7-F3C7-8241-8B996D6B78B4}.Release|Any CPU.Build.0 = Release|Any CPU
	EndGlobalSection
	GlobalSection(SolutionProperties) = preSolution
		HideSolutionNode = FALSE
	EndGlobalSection
	GlobalSection(ExtensibilityGlobals) = postSolution
		SolutionGuid = {1CBFEECC-971A-4218-9532-C89CD9E0BA74}
	EndGlobalSection
EndGlobal
